<?xml version="1.0" encoding="UTF-8" standalone="yes" ?>
<CodeBlocks_project_file>
	<FileVersion major="1" minor="6" />
	<Project>
		<Option title="BattleTank" />
		<Option pch_mode="2" />
		<Option compiler="gcc" />
		<Build>
			<Target title="Debug">
				<Option output="bin/Debug/BattleTank" prefix_auto="1" extension_auto="1" />
				<Option object_output="obj/Debug/" />
				<Option type="1" />
				<Option compiler="gcc" />
				<Compiler>
					<Add option="-g" />
				</Compiler>
			</Target>
			<Target title="Release">
				<Option output="bin/Release/BattleTank" prefix_auto="1" extension_auto="1" />
				<Option object_output="obj/Release/" />
				<Option type="1" />
				<Option compiler="gcc" />
				<Compiler>
					<Add option="-O2" />
				</Compiler>
				<Linker>
					<Add option="-s" />
				</Linker>
			</Target>
		</Build>
		<Compiler>
			<Add option="-Wall" />
		</Compiler>
		<Unit filename="BattleTank.cbp" />
		<Unit filename="Level0x01.map" />
		<Unit filename="README" />
		<Unit filename="editor.c">
			<Option compilerVar="CC" />
		</Unit>
		<Unit filename="editor.h" />
		<Unit filename="engine.c">
			<Option compilerVar="CC" />
		</Unit>
		<Unit filename="engine.h" />
		<Unit filename="gameloop.c">
			<Option compilerVar="CC" />
		</Unit>
		<Unit filename="gameloop.h" />
		<Unit filename="gameloop.o" />
		<Unit filename="global.h" />
		<Unit filename="kbhit_linux.h" />
		<Unit filename="kletve.c">
			<Option compilerVar="CC" />
		</Unit>
		<Unit filename="kletve.h" />
		<Unit filename="main.c">
			<Option compilerVar="CC" />
		</Unit>
		<Unit filename="main.o" />
		<Extensions>
			<code_completion />
			<envvars />
			<debugger />
			<lib_finder disable_auto="1" />
		</Extensions>
	</Project>
</CodeBlocks_project_file>
